// !$*UTF8*$!
{
	archiveVersion = 1;
	classes = {
	};
	objectVersion = 50;
	objects = {

/* Begin PBXBuildFile section */
		310335FD25319519007AF9C4 /* MainCollectionViewController.swift in Sources */ = {isa = PBXBuildFile; fileRef = 310335FC25319519007AF9C4 /* MainCollectionViewController.swift */; };
		3103360025319641007AF9C4 /* HotelInfoViewController.swift in Sources */ = {isa = PBXBuildFile; fileRef = 310335FF25319641007AF9C4 /* HotelInfoViewController.swift */; };
		310336022531A60A007AF9C4 /* HotelPreviewCell.swift in Sources */ = {isa = PBXBuildFile; fileRef = 310336012531A60A007AF9C4 /* HotelPreviewCell.swift */; };
		310336052531B014007AF9C4 /* Links.swift in Sources */ = {isa = PBXBuildFile; fileRef = 310336042531B014007AF9C4 /* Links.swift */; };
		310336082531B060007AF9C4 /* Hotels.swift in Sources */ = {isa = PBXBuildFile; fileRef = 310336072531B060007AF9C4 /* Hotels.swift */; };
		3103360A2531B07D007AF9C4 /* Hotel.swift in Sources */ = {isa = PBXBuildFile; fileRef = 310336092531B07D007AF9C4 /* Hotel.swift */; };
		3103360C2531B120007AF9C4 /* NetworkManager.swift in Sources */ = {isa = PBXBuildFile; fileRef = 3103360B2531B120007AF9C4 /* NetworkManager.swift */; };
		3103360F2531B294007AF9C4 /* ManageSomeUiElement.swift in Sources */ = {isa = PBXBuildFile; fileRef = 3103360E2531B294007AF9C4 /* ManageSomeUiElement.swift */; };
		310336112531CF8D007AF9C4 /* DataManager.swift in Sources */ = {isa = PBXBuildFile; fileRef = 310336102531CF8D007AF9C4 /* DataManager.swift */; };
		310336142531F0AD007AF9C4 /* HotelInfoViewModelProtocol.swift in Sources */ = {isa = PBXBuildFile; fileRef = 310336132531F0AD007AF9C4 /* HotelInfoViewModelProtocol.swift */; };
		310336162531F0BF007AF9C4 /* HotelInfoViewModel.swift in Sources */ = {isa = PBXBuildFile; fileRef = 310336152531F0BF007AF9C4 /* HotelInfoViewModel.swift */; };
		3176A3D825B5AC0A0084E549 /* HotelListViewModelProtocol.swift in Sources */ = {isa = PBXBuildFile; fileRef = 3176A3D725B5AC0A0084E549 /* HotelListViewModelProtocol.swift */; };
		3176A3DB25B5AC1B0084E549 /* HotelListViewModel.swift in Sources */ = {isa = PBXBuildFile; fileRef = 3176A3DA25B5AC1B0084E549 /* HotelListViewModel.swift */; };
		3176A3DF25B5B3650084E549 /* HotelPreviewCellViewModelProtocol.swift in Sources */ = {isa = PBXBuildFile; fileRef = 3176A3DE25B5B3650084E549 /* HotelPreviewCellViewModelProtocol.swift */; };
		3176A3E225B5B3870084E549 /* HotelPreviewCellViewModel.swift in Sources */ = {isa = PBXBuildFile; fileRef = 3176A3E125B5B3870084E549 /* HotelPreviewCellViewModel.swift */; };
		3176A3E525B5DB320084E549 /* Box.swift in Sources */ = {isa = PBXBuildFile; fileRef = 3176A3E425B5DB320084E549 /* Box.swift */; };
		31CED6A8252B8639009A1788 /* AppDelegate.swift in Sources */ = {isa = PBXBuildFile; fileRef = 31CED6A7252B8639009A1788 /* AppDelegate.swift */; };
		31CED6AF252B8639009A1788 /* Main.storyboard in Resources */ = {isa = PBXBuildFile; fileRef = 31CED6AD252B8639009A1788 /* Main.storyboard */; };
		31CED6B1252B863F009A1788 /* Assets.xcassets in Resources */ = {isa = PBXBuildFile; fileRef = 31CED6B0252B863F009A1788 /* Assets.xcassets */; };
		31CED6B4252B863F009A1788 /* LaunchScreen.storyboard in Resources */ = {isa = PBXBuildFile; fileRef = 31CED6B2252B863F009A1788 /* LaunchScreen.storyboard */; };
/* End PBXBuildFile section */

/* Begin PBXFileReference section */
		310335FC25319519007AF9C4 /* MainCollectionViewController.swift */ = {isa = PBXFileReference; lastKnownFileType = sourcecode.swift; path = MainCollectionViewController.swift; sourceTree = "<group>"; };
		310335FF25319641007AF9C4 /* HotelInfoViewController.swift */ = {isa = PBXFileReference; lastKnownFileType = sourcecode.swift; path = HotelInfoViewController.swift; sourceTree = "<group>"; };
		310336012531A60A007AF9C4 /* HotelPreviewCell.swift */ = {isa = PBXFileReference; lastKnownFileType = sourcecode.swift; path = HotelPreviewCell.swift; sourceTree = "<group>"; };
		310336042531B014007AF9C4 /* Links.swift */ = {isa = PBXFileReference; lastKnownFileType = sourcecode.swift; path = Links.swift; sourceTree = "<group>"; };
		310336072531B060007AF9C4 /* Hotels.swift */ = {isa = PBXFileReference; lastKnownFileType = sourcecode.swift; path = Hotels.swift; sourceTree = "<group>"; };
		310336092531B07D007AF9C4 /* Hotel.swift */ = {isa = PBXFileReference; lastKnownFileType = sourcecode.swift; path = Hotel.swift; sourceTree = "<group>"; };
		3103360B2531B120007AF9C4 /* NetworkManager.swift */ = {isa = PBXFileReference; lastKnownFileType = sourcecode.swift; path = NetworkManager.swift; sourceTree = "<group>"; };
		3103360E2531B294007AF9C4 /* ManageSomeUiElement.swift */ = {isa = PBXFileReference; lastKnownFileType = sourcecode.swift; path = ManageSomeUiElement.swift; sourceTree = "<group>"; };
		310336102531CF8D007AF9C4 /* DataManager.swift */ = {isa = PBXFileReference; lastKnownFileType = sourcecode.swift; path = DataManager.swift; sourceTree = "<group>"; };
		310336132531F0AD007AF9C4 /* HotelInfoViewModelProtocol.swift */ = {isa = PBXFileReference; lastKnownFileType = sourcecode.swift; path = HotelInfoViewModelProtocol.swift; sourceTree = "<group>"; };
		310336152531F0BF007AF9C4 /* HotelInfoViewModel.swift */ = {isa = PBXFileReference; lastKnownFileType = sourcecode.swift; path = HotelInfoViewModel.swift; sourceTree = "<group>"; };
		3176A3D725B5AC0A0084E549 /* HotelListViewModelProtocol.swift */ = {isa = PBXFileReference; lastKnownFileType = sourcecode.swift; path = HotelListViewModelProtocol.swift; sourceTree = "<group>"; };
		3176A3DA25B5AC1B0084E549 /* HotelListViewModel.swift */ = {isa = PBXFileReference; lastKnownFileType = sourcecode.swift; path = HotelListViewModel.swift; sourceTree = "<group>"; };
		3176A3DE25B5B3650084E549 /* HotelPreviewCellViewModelProtocol.swift */ = {isa = PBXFileReference; lastKnownFileType = sourcecode.swift; path = HotelPreviewCellViewModelProtocol.swift; sourceTree = "<group>"; };
		3176A3E125B5B3870084E549 /* HotelPreviewCellViewModel.swift */ = {isa = PBXFileReference; lastKnownFileType = sourcecode.swift; path = HotelPreviewCellViewModel.swift; sourceTree = "<group>"; };
		3176A3E425B5DB320084E549 /* Box.swift */ = {isa = PBXFileReference; lastKnownFileType = sourcecode.swift; path = Box.swift; sourceTree = "<group>"; };
		31CED6A4252B8639009A1788 /* NetworkApp 3.app */ = {isa = PBXFileReference; explicitFileType = wrapper.application; includeInIndex = 0; path = "NetworkApp 3.app"; sourceTree = BUILT_PRODUCTS_DIR; };
		31CED6A7252B8639009A1788 /* AppDelegate.swift */ = {isa = PBXFileReference; lastKnownFileType = sourcecode.swift; path = AppDelegate.swift; sourceTree = "<group>"; };
		31CED6AE252B8639009A1788 /* Base */ = {isa = PBXFileReference; lastKnownFileType = file.storyboard; name = Base; path = Base.lproj/Main.storyboard; sourceTree = "<group>"; };
		31CED6B0252B863F009A1788 /* Assets.xcassets */ = {isa = PBXFileReference; lastKnownFileType = folder.assetcatalog; path = Assets.xcassets; sourceTree = "<group>"; };
		31CED6B3252B863F009A1788 /* Base */ = {isa = PBXFileReference; lastKnownFileType = file.storyboard; name = Base; path = Base.lproj/LaunchScreen.storyboard; sourceTree = "<group>"; };
		31CED6B5252B863F009A1788 /* Info.plist */ = {isa = PBXFileReference; lastKnownFileType = text.plist.xml; path = Info.plist; sourceTree = "<group>"; };
/* End PBXFileReference section */

/* Begin PBXFrameworksBuildPhase section */
		31CED6A1252B8638009A1788 /* Frameworks */ = {
			isa = PBXFrameworksBuildPhase;
			buildActionMask = 2147483647;
			files = (
			);
			runOnlyForDeploymentPostprocessing = 0;
		};
/* End PBXFrameworksBuildPhase section */

/* Begin PBXGroup section */
		310335FA25319051007AF9C4 /* Storyboard */ = {
			isa = PBXGroup;
			children = (
				31CED6AD252B8639009A1788 /* Main.storyboard */,
				31CED6B2252B863F009A1788 /* LaunchScreen.storyboard */,
			);
			path = Storyboard;
			sourceTree = "<group>";
		};
		310335FB25319064007AF9C4 /* Supporting files */ = {
			isa = PBXGroup;
			children = (
				31CED6A7252B8639009A1788 /* AppDelegate.swift */,
				31CED6B5252B863F009A1788 /* Info.plist */,
			);
			path = "Supporting files";
			sourceTree = "<group>";
		};
		310336062531B01F007AF9C4 /* Model */ = {
			isa = PBXGroup;
			children = (
				310336042531B014007AF9C4 /* Links.swift */,
				310336072531B060007AF9C4 /* Hotels.swift */,
				310336092531B07D007AF9C4 /* Hotel.swift */,
			);
			path = Model;
			sourceTree = "<group>";
		};
		3103360D2531B142007AF9C4 /* Services */ = {
			isa = PBXGroup;
			children = (
				3103360B2531B120007AF9C4 /* NetworkManager.swift */,
				3103360E2531B294007AF9C4 /* ManageSomeUiElement.swift */,
				310336102531CF8D007AF9C4 /* DataManager.swift */,
			);
			path = Services;
			sourceTree = "<group>";
		};
		310336122531F08A007AF9C4 /* HotelInfo */ = {
			isa = PBXGroup;
			children = (
				310335FF25319641007AF9C4 /* HotelInfoViewController.swift */,
				310336132531F0AD007AF9C4 /* HotelInfoViewModelProtocol.swift */,
				310336152531F0BF007AF9C4 /* HotelInfoViewModel.swift */,
				3176A3E425B5DB320084E549 /* Box.swift */,
			);
			path = HotelInfo;
			sourceTree = "<group>";
		};
		3176A3D525B59B8B0084E549 /* HotelList */ = {
			isa = PBXGroup;
			children = (
				310335FC25319519007AF9C4 /* MainCollectionViewController.swift */,
				3176A3D725B5AC0A0084E549 /* HotelListViewModelProtocol.swift */,
				3176A3DA25B5AC1B0084E549 /* HotelListViewModel.swift */,
				3176A3DD25B5B3350084E549 /* HotelPreviewCell */,
			);
			path = HotelList;
			sourceTree = "<group>";
		};
		3176A3DD25B5B3350084E549 /* HotelPreviewCell */ = {
			isa = PBXGroup;
			children = (
				310336012531A60A007AF9C4 /* HotelPreviewCell.swift */,
				3176A3DE25B5B3650084E549 /* HotelPreviewCellViewModelProtocol.swift */,
				3176A3E125B5B3870084E549 /* HotelPreviewCellViewModel.swift */,
			);
			path = HotelPreviewCell;
			sourceTree = "<group>";
		};
		31CED69B252B8638009A1788 = {
			isa = PBXGroup;
			children = (
				31CED6A6252B8639009A1788 /* NetworkApp (MVVM) */,
				31CED6A5252B8639009A1788 /* Products */,
			);
			sourceTree = "<group>";
		};
		31CED6A5252B8639009A1788 /* Products */ = {
			isa = PBXGroup;
			children = (
				31CED6A4252B8639009A1788 /* NetworkApp 3.app */,
			);
			name = Products;
			sourceTree = "<group>";
		};
		31CED6A6252B8639009A1788 /* NetworkApp (MVVM) */ = {
			isa = PBXGroup;
			children = (
				3176A3D525B59B8B0084E549 /* HotelList */,
				310336122531F08A007AF9C4 /* HotelInfo */,
				310336062531B01F007AF9C4 /* Model */,
				3103360D2531B142007AF9C4 /* Services */,
				310335FA25319051007AF9C4 /* Storyboard */,
				310335FB25319064007AF9C4 /* Supporting files */,
				31CED6B0252B863F009A1788 /* Assets.xcassets */,
			);
			path = "NetworkApp (MVVM)";
			sourceTree = "<group>";
		};
/* End PBXGroup section */

/* Begin PBXNativeTarget section */
		31CED6A3252B8638009A1788 /* NetworkApp (MVVM) */ = {
			isa = PBXNativeTarget;
			buildConfigurationList = 31CED6B8252B863F009A1788 /* Build configuration list for PBXNativeTarget "NetworkApp (MVVM)" */;
			buildPhases = (
				31CED6A0252B8638009A1788 /* Sources */,
				31CED6A1252B8638009A1788 /* Frameworks */,
				31CED6A2252B8638009A1788 /* Resources */,
			);
			buildRules = (
			);
			dependencies = (
			);
			name = "NetworkApp (MVVM)";
			productName = "NetworkApp (MVVM)";
			productReference = 31CED6A4252B8639009A1788 /* NetworkApp 3.app */;
			productType = "com.apple.product-type.application";
		};
/* End PBXNativeTarget section */

/* Begin PBXProject section */
		31CED69C252B8638009A1788 /* Project object */ = {
			isa = PBXProject;
			attributes = {
				LastSwiftUpdateCheck = 1170;
				LastUpgradeCheck = 1170;
				ORGANIZATIONNAME = "Евгений Тарасов";
				TargetAttributes = {
					31CED6A3252B8638009A1788 = {
						CreatedOnToolsVersion = 11.7;
					};
				};
			};
			buildConfigurationList = 31CED69F252B8638009A1788 /* Build configuration list for PBXProject "NetworkApp (MVVM)" */;
			compatibilityVersion = "Xcode 9.3";
			developmentRegion = en;
			hasScannedForEncodings = 0;
			knownRegions = (
				en,
				Base,
			);
			mainGroup = 31CED69B252B8638009A1788;
			productRefGroup = 31CED6A5252B8639009A1788 /* Products */;
			projectDirPath = "";
			projectRoot = "";
			targets = (
				31CED6A3252B8638009A1788 /* NetworkApp (MVVM) */,
			);
		};
/* End PBXProject section */

/* Begin PBXResourcesBuildPhase section */
		31CED6A2252B8638009A1788 /* Resources */ = {
			isa = PBXResourcesBuildPhase;
			buildActionMask = 2147483647;
			files = (
				31CED6B4252B863F009A1788 /* LaunchScreen.storyboard in Resources */,
				31CED6B1252B863F009A1788 /* Assets.xcassets in Resources */,
				31CED6AF252B8639009A1788 /* Main.storyboard in Resources */,
			);
			runOnlyForDeploymentPostprocessing = 0;
		};
/* End PBXResourcesBuildPhase section */

/* Begin PBXSourcesBuildPhase section */
		31CED6A0252B8638009A1788 /* Sources */ = {
			isa = PBXSourcesBuildPhase;
			buildActionMask = 2147483647;
			files = (
				310336052531B014007AF9C4 /* Links.swift in Sources */,
				310336112531CF8D007AF9C4 /* DataManager.swift in Sources */,
				3103360F2531B294007AF9C4 /* ManageSomeUiElement.swift in Sources */,
				3176A3DF25B5B3650084E549 /* HotelPreviewCellViewModelProtocol.swift in Sources */,
				3176A3E225B5B3870084E549 /* HotelPreviewCellViewModel.swift in Sources */,
				31CED6A8252B8639009A1788 /* AppDelegate.swift in Sources */,
				310335FD25319519007AF9C4 /* MainCollectionViewController.swift in Sources */,
				3176A3D825B5AC0A0084E549 /* HotelListViewModelProtocol.swift in Sources */,
				3103360025319641007AF9C4 /* HotelInfoViewController.swift in Sources */,
				3103360C2531B120007AF9C4 /* NetworkManager.swift in Sources */,
				310336162531F0BF007AF9C4 /* HotelInfoViewModel.swift in Sources */,
				310336142531F0AD007AF9C4 /* HotelInfoViewModelProtocol.swift in Sources */,
				310336082531B060007AF9C4 /* Hotels.swift in Sources */,
				3176A3E525B5DB320084E549 /* Box.swift in Sources */,
				3176A3DB25B5AC1B0084E549 /* HotelListViewModel.swift in Sources */,
				310336022531A60A007AF9C4 /* HotelPreviewCell.swift in Sources */,
				3103360A2531B07D007AF9C4 /* Hotel.swift in Sources */,
			);
			runOnlyForDeploymentPostprocessing = 0;
		};
/* End PBXSourcesBuildPhase section */

/* Begin PBXVariantGroup section */
		31CED6AD252B8639009A1788 /* Main.storyboard */ = {
			isa = PBXVariantGroup;
			children = (
				31CED6AE252B8639009A1788 /* Base */,
			);
			name = Main.storyboard;
			sourceTree = "<group>";
		};
		31CED6B2252B863F009A1788 /* LaunchScreen.storyboard */ = {
			isa = PBXVariantGroup;
			children = (
				31CED6B3252B863F009A1788 /* Base */,
			);
			name = LaunchScreen.storyboard;
			sourceTree = "<group>";
		};
/* End PBXVariantGroup section */

/* Begin XCBuildConfiguration section */
		31CED6B6252B863F009A1788 /* Debug */ = {
			isa = XCBuildConfiguration;
			buildSettings = {
				ALWAYS_SEARCH_USER_PATHS = NO;
				CLANG_ANALYZER_NONNULL = YES;
				CLANG_ANALYZER_NUMBER_OBJECT_CONVERSION = YES_AGGRESSIVE;
				CLANG_CXX_LANGUAGE_STANDARD = "gnu++14";
				CLANG_CXX_LIBRARY = "libc++";
				CLANG_ENABLE_MODULES = YES;
				CLANG_ENABLE_OBJC_ARC = YES;
				CLANG_ENABLE_OBJC_WEAK = YES;
				CLANG_WARN_BLOCK_CAPTURE_AUTORELEASING = YES;
				CLANG_WARN_BOOL_CONVERSION = YES;
				CLANG_WARN_COMMA = YES;
				CLANG_WARN_CONSTANT_CONVERSION = YES;
				CLANG_WARN_DEPRECATED_OBJC_IMPLEMENTATIONS = YES;
				CLANG_WARN_DIRECT_OBJC_ISA_USAGE = YES_ERROR;
				CLANG_WARN_DOCUMENTATION_COMMENTS = YES;
				CLANG_WARN_EMPTY_BODY = YES;
				CLANG_WARN_ENUM_CONVERSION = YES;
				CLANG_WARN_INFINITE_RECURSION = YES;
				CLANG_WARN_INT_CONVERSION = YES;
				CLANG_WARN_NON_LITERAL_NULL_CONVERSION = YES;
				CLANG_WARN_OBJC_IMPLICIT_RETAIN_SELF = YES;
				CLANG_WARN_OBJC_LITERAL_CONVERSION = YES;
				CLANG_WARN_OBJC_ROOT_CLASS = YES_ERROR;
				CLANG_WARN_RANGE_LOOP_ANALYSIS = YES;
				CLANG_WARN_STRICT_PROTOTYPES = YES;
				CLANG_WARN_SUSPICIOUS_MOVE = YES;
				CLANG_WARN_UNGUARDED_AVAILABILITY = YES_AGGRESSIVE;
				CLANG_WARN_UNREACHABLE_CODE = YES;
				CLANG_WARN__DUPLICATE_METHOD_MATCH = YES;
				COPY_PHASE_STRIP = NO;
				DEBUG_INFORMATION_FORMAT = dwarf;
				ENABLE_STRICT_OBJC_MSGSEND = YES;
				ENABLE_TESTABILITY = YES;
				GCC_C_LANGUAGE_STANDARD = gnu11;
				GCC_DYNAMIC_NO_PIC = NO;
				GCC_NO_COMMON_BLOCKS = YES;
				GCC_OPTIMIZATION_LEVEL = 0;
				GCC_PREPROCESSOR_DEFINITIONS = (
					"DEBUG=1",
					"$(inherited)",
				);
				GCC_WARN_64_TO_32_BIT_CONVERSION = YES;
				GCC_WARN_ABOUT_RETURN_TYPE = YES_ERROR;
				GCC_WARN_UNDECLARED_SELECTOR = YES;
				GCC_WARN_UNINITIALIZED_AUTOS = YES_AGGRESSIVE;
				GCC_WARN_UNUSED_FUNCTION = YES;
				GCC_WARN_UNUSED_VARIABLE = YES;
				IPHONEOS_DEPLOYMENT_TARGET = 13.7;
				MTL_ENABLE_DEBUG_INFO = INCLUDE_SOURCE;
				MTL_FAST_MATH = YES;
				ONLY_ACTIVE_ARCH = YES;
				SDKROOT = iphoneos;
				SWIFT_ACTIVE_COMPILATION_CONDITIONS = DEBUG;
				SWIFT_OPTIMIZATION_LEVEL = "-Onone";
			};
			name = Debug;
		};
		31CED6B7252B863F009A1788 /* Release */ = {
			isa = XCBuildConfiguration;
			buildSettings = {
				ALWAYS_SEARCH_USER_PATHS = NO;
				CLANG_ANALYZER_NONNULL = YES;
				CLANG_ANALYZER_NUMBER_OBJECT_CONVERSION = YES_AGGRESSIVE;
				CLANG_CXX_LANGUAGE_STANDARD = "gnu++14";
				CLANG_CXX_LIBRARY = "libc++";
				CLANG_ENABLE_MODULES = YES;
				CLANG_ENABLE_OBJC_ARC = YES;
				CLANG_ENABLE_OBJC_WEAK = YES;
				CLANG_WARN_BLOCK_CAPTURE_AUTORELEASING = YES;
				CLANG_WARN_BOOL_CONVERSION = YES;
				CLANG_WARN_COMMA = YES;
				CLANG_WARN_CONSTANT_CONVERSION = YES;
				CLANG_WARN_DEPRECATED_OBJC_IMPLEMENTATIONS = YES;
				CLANG_WARN_DIRECT_OBJC_ISA_USAGE = YES_ERROR;
				CLANG_WARN_DOCUMENTATION_COMMENTS = YES;
				CLANG_WARN_EMPTY_BODY = YES;
				CLANG_WARN_ENUM_CONVERSION = YES;
				CLANG_WARN_INFINITE_RECURSION = YES;
				CLANG_WARN_INT_CONVERSION = YES;
				CLANG_WARN_NON_LITERAL_NULL_CONVERSION = YES;
				CLANG_WARN_OBJC_IMPLICIT_RETAIN_SELF = YES;
				CLANG_WARN_OBJC_LITERAL_CONVERSION = YES;
				CLANG_WARN_OBJC_ROOT_CLASS = YES_ERROR;
				CLANG_WARN_RANGE_LOOP_ANALYSIS = YES;
				CLANG_WARN_STRICT_PROTOTYPES = YES;
				CLANG_WARN_SUSPICIOUS_MOVE = YES;
				CLANG_WARN_UNGUARDED_AVAILABILITY = YES_AGGRESSIVE;
				CLANG_WARN_UNREACHABLE_CODE = YES;
				CLANG_WARN__DUPLICATE_METHOD_MATCH = YES;
				COPY_PHASE_STRIP = NO;
				DEBUG_INFORMATION_FORMAT = "dwarf-with-dsym";
				ENABLE_NS_ASSERTIONS = NO;
				ENABLE_STRICT_OBJC_MSGSEND = YES;
				GCC_C_LANGUAGE_STANDARD = gnu11;
				GCC_NO_COMMON_BLOCKS = YES;
				GCC_WARN_64_TO_32_BIT_CONVERSION = YES;
				GCC_WARN_ABOUT_RETURN_TYPE = YES_ERROR;
				GCC_WARN_UNDECLARED_SELECTOR = YES;
				GCC_WARN_UNINITIALIZED_AUTOS = YES_AGGRESSIVE;
				GCC_WARN_UNUSED_FUNCTION = YES;
				GCC_WARN_UNUSED_VARIABLE = YES;
				IPHONEOS_DEPLOYMENT_TARGET = 13.7;
				MTL_ENABLE_DEBUG_INFO = NO;
				MTL_FAST_MATH = YES;
				SDKROOT = iphoneos;
				SWIFT_COMPILATION_MODE = wholemodule;
				SWIFT_OPTIMIZATION_LEVEL = "-O";
				VALIDATE_PRODUCT = YES;
			};
			name = Release;
		};
		31CED6B9252B863F009A1788 /* Debug */ = {
			isa = XCBuildConfiguration;
			buildSettings = {
				ASSETCATALOG_COMPILER_APPICON_NAME = AppIcon;
				CODE_SIGN_STYLE = Automatic;
				DEVELOPMENT_TEAM = NCYRDHFV67;
				INFOPLIST_FILE = "NetworkApp (MVVM)/Supporting files/Info.plist";
				IPHONEOS_DEPLOYMENT_TARGET = 11.0;
				LD_RUNPATH_SEARCH_PATHS = (
					"$(inherited)",
					"@executable_path/Frameworks",
				);
				PRODUCT_BUNDLE_IDENTIFIER = "ru.evatarasov.NetworkApp--MVVM-";
				PRODUCT_NAME = "NetworkApp 3";
				SWIFT_OPTIMIZATION_LEVEL = "-O";
				SWIFT_VERSION = 5.0;
				SWIFT_WHOLE_MODULE_OPTIMIZATION = YES;
				TARGETED_DEVICE_FAMILY = "1,2";
			};
			name = Debug;
		};
		31CED6BA252B863F009A1788 /* Release */ = {
			isa = XCBuildConfiguration;
			buildSettings = {
				ASSETCATALOG_COMPILER_APPICON_NAME = AppIcon;
				CODE_SIGN_STYLE = Automatic;
				DEVELOPMENT_TEAM = NCYRDHFV67;
				INFOPLIST_FILE = "NetworkApp (MVVM)/Supporting files/Info.plist";
				IPHONEOS_DEPLOYMENT_TARGET = 11.0;
				LD_RUNPATH_SEARCH_PATHS = (
					"$(inherited)",
					"@executable_path/Frameworks",
				);
				PRODUCT_BUNDLE_IDENTIFIER = "ru.evatarasov.NetworkApp--MVVM-";
				PRODUCT_NAME = "NetworkApp 3";
				SWIFT_OPTIMIZATION_LEVEL = "-O";
				SWIFT_VERSION = 5.0;
				SWIFT_WHOLE_MODULE_OPTIMIZATION = YES;
				TARGETED_DEVICE_FAMILY = "1,2";
			};
			name = Release;
		};
/* End XCBuildConfiguration section */

/* Begin XCConfigurationList section */
		31CED69F252B8638009A1788 /* Build configuration list for PBXProject "NetworkApp (MVVM)" */ = {
			isa = XCConfigurationList;
			buildConfigurations = (
				31CED6B6252B863F009A1788 /* Debug */,
				31CED6B7252B863F009A1788 /* Release */,
			);
			defaultConfigurationIsVisible = 0;
			defaultConfigurationName = Release;
		};
		31CED6B8252B863F009A1788 /* Build configuration list for PBXNativeTarget "NetworkApp (MVVM)" */ = {
			isa = XCConfigurationList;
			buildConfigurations = (
				31CED6B9252B863F009A1788 /* Debug */,
				31CED6BA252B863F009A1788 /* Release */,
			);
			defaultConfigurationIsVisible = 0;
			defaultConfigurationName = Release;
		};
/* End XCConfigurationList section */
	};
	rootObject = 31CED69C252B8638009A1788 /* Project object */;
}
